
Microsoft Visual Studio Solution File, Format Version 12.00
# Visual Studio Version 17
VisualStudioVersion = 17.5.33424.131
MinimumVisualStudioVersion = 10.0.40219.1
Project("{2150E333-8FDC-42A3-9474-1A3956D46DE8}") = "Solution", "Solution", "{4C0D1C68-A583-4F24-B9BB-6BEBAC6F3DF2}"
	ProjectSection(SolutionItems) = preProject
		..\.gitignore = ..\.gitignore
		..\README.md = ..\README.md
	EndProjectSection
EndProject
Project("{2150E333-8FDC-42A3-9474-1A3956D46DE8}") = "workflows", "workflows", "{5CBC05A1-953F-4A16-BCC8-99D765D1C3D8}"
	ProjectSection(SolutionItems) = preProject
		..\.github\workflows\dotnet.yml = ..\.github\workflows\dotnet.yml
	EndProjectSection
EndProject
Project("{6EC3EE1D-3C4E-46DD-8F32-0CC8E7565705}") = "StylishFSharpSolutions", "StylishFSharpSolutions.fsproj", "{B49BB0FC-6EBB-40FE-BA9D-E268DD06D042}"
EndProject
Project("{6EC3EE1D-3C4E-46DD-8F32-0CC8E7565705}") = "Chapter10-FileDownloader", "Chapter10-FileDownloader\Chapter10-FileDownloader.fsproj", "{E67DEAF1-CB6E-4F12-9B8D-60BF26326E64}"
EndProject
Project("{F2A71F9B-5D33-465A-A702-920D77279786}") = "Chapter12-Benchmark", "Chapter12-Benchmark\Chapter12-Benchmark.fsproj", "{870AA1FE-7ADE-4C9A-A892-8C50AF362B39}"
EndProject
Global
	GlobalSection(SolutionConfigurationPlatforms) = preSolution
		Debug|Any CPU = Debug|Any CPU
		Release|Any CPU = Release|Any CPU
	EndGlobalSection
	GlobalSection(ProjectConfigurationPlatforms) = postSolution
		{B49BB0FC-6EBB-40FE-BA9D-E268DD06D042}.Debug|Any CPU.ActiveCfg = Debug|Any CPU
		{B49BB0FC-6EBB-40FE-BA9D-E268DD06D042}.Debug|Any CPU.Build.0 = Debug|Any CPU
		{B49BB0FC-6EBB-40FE-BA9D-E268DD06D042}.Release|Any CPU.ActiveCfg = Release|Any CPU
		{B49BB0FC-6EBB-40FE-BA9D-E268DD06D042}.Release|Any CPU.Build.0 = Release|Any CPU
		{E67DEAF1-CB6E-4F12-9B8D-60BF26326E64}.Debug|Any CPU.ActiveCfg = Debug|Any CPU
		{E67DEAF1-CB6E-4F12-9B8D-60BF26326E64}.Debug|Any CPU.Build.0 = Debug|Any CPU
		{E67DEAF1-CB6E-4F12-9B8D-60BF26326E64}.Release|Any CPU.ActiveCfg = Release|Any CPU
		{E67DEAF1-CB6E-4F12-9B8D-60BF26326E64}.Release|Any CPU.Build.0 = Release|Any CPU
		{870AA1FE-7ADE-4C9A-A892-8C50AF362B39}.Debug|Any CPU.ActiveCfg = Debug|Any CPU
		{870AA1FE-7ADE-4C9A-A892-8C50AF362B39}.Debug|Any CPU.Build.0 = Debug|Any CPU
		{870AA1FE-7ADE-4C9A-A892-8C50AF362B39}.Release|Any CPU.ActiveCfg = Release|Any CPU
		{870AA1FE-7ADE-4C9A-A892-8C50AF362B39}.Release|Any CPU.Build.0 = Release|Any CPU
	EndGlobalSection
	GlobalSection(SolutionProperties) = preSolution
		HideSolutionNode = FALSE
	EndGlobalSection
	GlobalSection(NestedProjects) = preSolution
		{5CBC05A1-953F-4A16-BCC8-99D765D1C3D8} = {4C0D1C68-A583-4F24-B9BB-6BEBAC6F3DF2}
	EndGlobalSection
	GlobalSection(ExtensibilityGlobals) = postSolution
		SolutionGuid = {BD9257E0-AFA7-42A1-9D23-F503203026AC}
	EndGlobalSection
EndGlobal
